
Microsoft Visual Studio Solution File, Format Version 12.00
# Visual Studio 15
VisualStudioVersion = 15.0.26730.16
MinimumVisualStudioVersion = 10.0.40219.1
Project("{FAE04EC0-301F-11D3-BF4B-00C04F79EFBC}") = "HN-UserInserterScript", "HN-UserInserterScript\HN-UserInserterScript.csproj", "{B797E789-CF02-42CC-B073-07F0505AE1A8}"
EndProject
Global
	GlobalSection(SolutionConfigurationPlatforms) = preSolution
		Debug|Any CPU = Debug|Any CPU
		Release|Any CPU = Release|Any CPU
	EndGlobalSection
	GlobalSection(ProjectConfigurationPlatforms) = postSolution
		{B797E789-CF02-42CC-B073-07F0505AE1A8}.Debug|Any CPU.ActiveCfg = Debug|Any CPU
		{B797E789-CF02-42CC-B073-07F0505AE1A8}.Debug|Any CPU.Build.0 = Debug|Any CPU
		{B797E789-CF02-42CC-B073-07F0505AE1A8}.Release|Any CPU.ActiveCfg = Release|Any CPU
		{B797E789-CF02-42CC-B073-07F0505AE1A8}.Release|Any CPU.Build.0 = Release|Any CPU
	EndGlobalSection
	GlobalSection(SolutionProperties) = preSolution
		HideSolutionNode = FALSE
	EndGlobalSection
	GlobalSection(ExtensibilityGlobals) = postSolution
		SolutionGuid = {14C1116C-2353-43D9-B51A-9B7CE35BDE92}
	EndGlobalSection
EndGlobal
