
Microsoft Visual Studio Solution File, Format Version 12.00
# Visual Studio 15
VisualStudioVersion = 15.0.26730.16
MinimumVisualStudioVersion = 10.0.40219.1
Project("{FAE04EC0-301F-11D3-BF4B-00C04F79EFBC}") = "WebApi", "WebApi\WebApi.csproj", "{76F98928-802C-4207-99A9-D6280BE48425}"
EndProject
Global
	GlobalSection(SolutionConfigurationPlatforms) = preSolution
		Debug|Any CPU = Debug|Any CPU
		Release|Any CPU = Release|Any CPU
	EndGlobalSection
	GlobalSection(ProjectConfigurationPlatforms) = postSolution
		{76F98928-802C-4207-99A9-D6280BE48425}.Debug|Any CPU.ActiveCfg = Debug|Any CPU
		{76F98928-802C-4207-99A9-D6280BE48425}.Debug|Any CPU.Build.0 = Debug|Any CPU
		{76F98928-802C-4207-99A9-D6280BE48425}.Release|Any CPU.ActiveCfg = Release|Any CPU
		{76F98928-802C-4207-99A9-D6280BE48425}.Release|Any CPU.Build.0 = Release|Any CPU
	EndGlobalSection
	GlobalSection(SolutionProperties) = preSolution
		HideSolutionNode = FALSE
	EndGlobalSection
	GlobalSection(ExtensibilityGlobals) = postSolution
		SolutionGuid = {F4A9DC81-8D91-4014-A1EB-B1669219D1B9}
	EndGlobalSection
EndGlobal
